[[package]]
name = "atomicwrites"
version = "1.4.0"
description = "Atomic file writes."
category = "dev"
optional = false
python-versions = ">=2.7, !=3.0.*, !=3.1.*, !=3.2.*, !=3.3.*"

[[package]]
name = "attrs"
version = "21.2.0"
description = "Classes Without Boilerplate"
category = "dev"
optional = false
python-versions = ">=2.7, !=3.0.*, !=3.1.*, !=3.2.*, !=3.3.*, !=3.4.*"

[package.extras]
dev = ["coverage[toml] (>=5.0.2)", "hypothesis", "pympler", "pytest (>=4.3.0)", "six", "mypy", "pytest-mypy-plugins", "zope.interface", "furo", "sphinx", "sphinx-notfound-page", "pre-commit"]
docs = ["furo", "sphinx", "zope.interface", "sphinx-notfound-page"]
tests = ["coverage[toml] (>=5.0.2)", "hypothesis", "pympler", "pytest (>=4.3.0)", "six", "mypy", "pytest-mypy-plugins", "zope.interface"]
tests_no_zope = ["coverage[toml] (>=5.0.2)", "hypothesis", "pympler", "pytest (>=4.3.0)", "six", "mypy", "pytest-mypy-plugins"]

[[package]]
name = "colorama"
version = "0.4.4"
description = "Cross-platform colored terminal text."
category = "dev"
optional = false
python-versions = ">=2.7, !=3.0.*, !=3.1.*, !=3.2.*, !=3.3.*, !=3.4.*"

[[package]]
name = "grpcio"
version = "1.37.1"
description = "HTTP/2-based RPC framework"
category = "main"
optional = false
python-versions = "*"

[package.dependencies]
six = ">=1.5.2"

[package.extras]
protobuf = ["grpcio-tools (>=1.37.1)"]

[[package]]
name = "grpcio-tools"
version = "1.37.1"
description = "Protobuf code generator for gRPC"
category = "main"
optional = false
python-versions = "*"

[package.dependencies]
grpcio = ">=1.37.1"
protobuf = ">=3.5.0.post1,<4.0dev"

[[package]]
name = "iniconfig"
version = "1.1.1"
description = "iniconfig: brain-dead simple config-ini parsing"
category = "dev"
optional = false
python-versions = "*"

[[package]]
name = "mypy"
version = "0.812"
description = "Optional static typing for Python"
category = "dev"
optional = false
python-versions = ">=3.5"

[package.dependencies]
mypy-extensions = ">=0.4.3,<0.5.0"
typed-ast = ">=1.4.0,<1.5.0"
typing-extensions = ">=3.7.4"

[package.extras]
dmypy = ["psutil (>=4.0)"]

[[package]]
name = "mypy-extensions"
version = "0.4.3"
description = "Experimental type system extensions for programs checked with the mypy typechecker."
category = "dev"
optional = false
python-versions = "*"

[[package]]
name = "packaging"
version = "20.9"
description = "Core utilities for Python packages"
category = "dev"
optional = false
python-versions = ">=2.7, !=3.0.*, !=3.1.*, !=3.2.*, !=3.3.*"

[package.dependencies]
pyparsing = ">=2.0.2"

[[package]]
name = "pluggy"
version = "0.13.1"
description = "plugin and hook calling mechanisms for python"
category = "dev"
optional = false
python-versions = ">=2.7, !=3.0.*, !=3.1.*, !=3.2.*, !=3.3.*"

[package.extras]
dev = ["pre-commit", "tox"]

[[package]]
name = "protobuf"
version = "3.16.0"
description = "Protocol Buffers"
category = "main"
optional = false
python-versions = "*"

[package.dependencies]
six = ">=1.9"

[[package]]
name = "py"
version = "1.10.0"
description = "library with cross-python path, ini-parsing, io, code, log facilities"
category = "dev"
optional = false
python-versions = ">=2.7, !=3.0.*, !=3.1.*, !=3.2.*, !=3.3.*"

[[package]]
name = "pycodestyle"
version = "2.7.0"
description = "Python style guide checker"
category = "dev"
optional = false
python-versions = ">=2.7, !=3.0.*, !=3.1.*, !=3.2.*, !=3.3.*"

[[package]]
name = "pyparsing"
version = "2.4.7"
description = "Python parsing module"
category = "dev"
optional = false
python-versions = ">=2.6, !=3.0.*, !=3.1.*, !=3.2.*"

[[package]]
name = "pytest"
version = "6.2.4"
description = "pytest: simple powerful testing with Python"
category = "dev"
optional = false
python-versions = ">=3.6"

[package.dependencies]
atomicwrites = {version = ">=1.0", markers = "sys_platform == \"win32\""}
attrs = ">=19.2.0"
colorama = {version = "*", markers = "sys_platform == \"win32\""}
iniconfig = "*"
packaging = "*"
pluggy = ">=0.12,<1.0.0a1"
py = ">=1.8.2"
toml = "*"

[package.extras]
testing = ["argcomplete", "hypothesis (>=3.56)", "mock", "nose", "requests", "xmlschema"]

[[package]]
name = "six"
version = "1.16.0"
description = "Python 2 and 3 compatibility utilities"
category = "main"
optional = false
python-versions = ">=2.7, !=3.0.*, !=3.1.*, !=3.2.*"

[[package]]
name = "toml"
version = "0.10.2"
description = "Python Library for Tom's Obvious, Minimal Language"
category = "dev"
optional = false
python-versions = ">=2.6, !=3.0.*, !=3.1.*, !=3.2.*"

[[package]]
name = "typed-ast"
version = "1.4.3"
description = "a fork of Python 2 and 3 ast modules with type comment support"
category = "dev"
optional = false
python-versions = "*"

[[package]]
name = "typing-extensions"
version = "3.10.0.0"
description = "Backported and Experimental Type Hints for Python 3.5+"
category = "dev"
optional = false
python-versions = "*"

[metadata]
lock-version = "1.1"
python-versions = "^3.8"
content-hash = "f45ccd8e89c9ff615d02ce0b9326b27656ce6daad2d06b494a99b755796d9b8c"

[metadata.files]
atomicwrites = [
    {file = "atomicwrites-1.4.0-py2.py3-none-any.whl", hash = "sha256:6d1784dea7c0c8d4a5172b6c620f40b6e4cbfdf96d783691f2e1302a7b88e197"},
    {file = "atomicwrites-1.4.0.tar.gz", hash = "sha256:ae70396ad1a434f9c7046fd2dd196fc04b12f9e91ffb859164193be8b6168a7a"},
]
attrs = [
    {file = "attrs-21.2.0-py2.py3-none-any.whl", hash = "sha256:149e90d6d8ac20db7a955ad60cf0e6881a3f20d37096140088356da6c716b0b1"},
    {file = "attrs-21.2.0.tar.gz", hash = "sha256:ef6aaac3ca6cd92904cdd0d83f629a15f18053ec84e6432106f7a4d04ae4f5fb"},
]
colorama = [
    {file = "colorama-0.4.4-py2.py3-none-any.whl", hash = "sha256:9f47eda37229f68eee03b24b9748937c7dc3868f906e8ba69fbcbdd3bc5dc3e2"},
]
grpcio = [
    {file = "grpcio-1.37.1-cp27-cp27m-macosx_10_10_x86_64.whl", hash = "sha256:0d64b5995e17eb9f086e82e6a4edadd1295827b593be71b516e7a442067784b5"},
    {file = "grpcio-1.37.1-cp27-cp27m-manylinux2010_i686.whl", hash = "sha256:6f44b8244bafcbea63daff222ae1b27d048b9d8fd47eb3d11e61ee092078e766"},
    {file = "grpcio-1.37.1-cp27-cp27m-manylinux2010_x86_64.whl", hash = "sha256:37e265b72e69ef8e33efca8d1123bdc349ae3eabb92563e76adfce209c9df51a"},
    {file = "grpcio-1.37.1-cp27-cp27m-win32.whl", hash = "sha256:ee0537fe2423307b885ba44e6789249e6d7624247cb38a20b9f38f4b40f5ab03"},
    {file = "grpcio-1.37.1-cp27-cp27m-win_amd64.whl", hash = "sha256:1de472a3c2a3d89d4d400d8179f2777ec99f7da0e87c0c1f196226141816d621"},
    {file = "grpcio-1.37.1-cp27-cp27mu-manylinux2010_i686.whl", hash = "sha256:99a627471275f93d400399b55e4c1d798602ff79d693e7def0a0b276912bff7e"},
    {file = "grpcio-1.37.1-cp27-cp27mu-manylinux2010_x86_64.whl", hash = "sha256:e7da0319003d150611b30cd864e0474a283324b3db9107107aa3ef9a71c53130"},
    {file = "grpcio-1.37.1-cp35-cp35m-macosx_10_10_intel.whl", hash = "sha256:22b0cc3531d3c405fae9a8519004a0e62ecbd1f005b55b3622098a4881d36b96"},
    {file = "grpcio-1.37.1-cp35-cp35m-manylinux2010_i686.whl", hash = "sha256:f6a73167fce4a41e5c0b34ceaad1048a14e9eeb4fc324da49da0537c199efab7"},
    {file = "grpcio-1.37.1-cp35-cp35m-manylinux2010_x86_64.whl", hash = "sha256:fa279b99878bae9b804c09e023f2b47de79d0b5e813ab85ddf28673784d610f0"},
    {file = "grpcio-1.37.1-cp35-cp35m-manylinux2014_i686.whl", hash = "sha256:9674fffd1f599aec7389a61d48c1a8c8aaba69591609895911c6d8386d86dd45"},
    {file = "grpcio-1.37.1-cp35-cp35m-manylinux2014_x86_64.whl", hash = "sha256:80c3c9d24ecd236571d3c86657243431a8bafef022dcce83f9f2aeb6eecb96b9"},
    {file = "grpcio-1.37.1-cp35-cp35m-win32.whl", hash = "sha256:e236d0580f7e69a35c420ce60f960b294e9dc973b8c31499fa476eb4d4ba4088"},
    {file = "grpcio-1.37.1-cp35-cp35m-win_amd64.whl", hash = "sha256:30ba9712547c9497a438bfeb2c7f393fa983df1609e1c81243d4b0d1b1bfefbf"},
    {file = "grpcio-1.37.1-cp36-cp36m-linux_armv7l.whl", hash = "sha256:ad03ff6b15f3481f3c999d5d22b5c56295dffc49b8e2cbdbc04c7bf358d3034e"},
    {file = "grpcio-1.37.1-cp36-cp36m-macosx_10_10_x86_64.whl", hash = "sha256:728292f5ccb849f30774c0805ef5c39452b3a5f4d193ac499ae5b78d268ff64b"},
    {file = "grpcio-1.37.1-cp36-cp36m-manylinux2010_i686.whl", hash = "sha256:5dabaac759a98bcfd979d22874dcd7ccf8779678a2fe841d355dd93fee143974"},
    {file = "grpcio-1.37.1-cp36-cp36m-manylinux2010_x86_64.whl", hash = "sha256:f933dd10948a5e5ed4258a1581e45aec1bb84069e62368084eb2dcf4cce51e78"},
    {file = "grpcio-1.37.1-cp36-cp36m-manylinux2014_aarch64.whl", hash = "sha256:67b482c810d05d9317e29b82900864ab888b9f842701906ba54c3eb176cd8eab"},
    {file = "grpcio-1.37.1-cp36-cp36m-manylinux2014_i686.whl", hash = "sha256:494cce1709f7cd63c2610c25b41f886048f1d993511ddb23f766b77ac142ba78"},
    {file = "grpcio-1.37.1-cp36-cp36m-manylinux2014_x86_64.whl", hash = "sha256:264f6d9a922f5124f79f50b1880349fd16c657a9b4fdf0f29fca939d40584f7f"},
    {file = "grpcio-1.37.1-cp36-cp36m-win32.whl", hash = "sha256:e3e0fb7d32f163699cef5132b060e3f613dc914408164eb3e3ac69095861ea04"},
    {file = "grpcio-1.37.1-cp36-cp36m-win_amd64.whl", hash = "sha256:640f49187105fb6c2b1b7acea06df3b0ccf5fe33a075c73b8a741013bc5cc802"},
    {file = "grpcio-1.37.1-cp37-cp37m-linux_armv7l.whl", hash = "sha256:f1287ae8a3bef97fd702dac95967aaf52031a6dceb2bd30da165f16e3b617293"},
    {file = "grpcio-1.37.1-cp37-cp37m-macosx_10_10_x86_64.whl", hash = "sha256:30807f3979ebb3872588fa166876a2a24febe17e0db5950d5bedd67320d11b8c"},
    {file = "grpcio-1.37.1-cp37-cp37m-manylinux2010_i686.whl", hash = "sha256:23666be3ed366f647f09c9caf89c48ca0daa12be8fe4786e5a368a6cd69de1f6"},
    {file = "grpcio-1.37.1-cp37-cp37m-manylinux2010_x86_64.whl", hash = "sha256:8f5a16f8b650efddd5ff3f750cca5b45c045923be13e79cdd1b886332307f46a"},
    {file = "grpcio-1.37.1-cp37-cp37m-manylinux2014_aarch64.whl", hash = "sha256:e72d8df53624098d8b1fe01c961888d61f90d7c0aa8116d76db80a535da9b445"},
    {file = "grpcio-1.37.1-cp37-cp37m-manylinux2014_i686.whl", hash = "sha256:4850c96d3a22d941b0d6af4dccbc739caec7f367b783aad049c843b28b458ff0"},
    {file = "grpcio-1.37.1-cp37-cp37m-manylinux2014_x86_64.whl", hash = "sha256:4493365334baaa3d775f5e4a91d9a844ac676560232223405a0964dfddb31924"},
    {file = "grpcio-1.37.1-cp37-cp37m-win32.whl", hash = "sha256:34d6f626062e7ef47ab30ff8976825c58fa8846ccd8c645b57291ccc74b9d413"},
    {file = "grpcio-1.37.1-cp37-cp37m-win_amd64.whl", hash = "sha256:4c0503b5ef6fcabc52c296d750a095ef29fd707d0f85322e95e5c261b3a684f9"},
    {file = "grpcio-1.37.1-cp38-cp38-linux_armv7l.whl", hash = "sha256:ac4174b1cf4daea0653fcfee7676bb04a8a43644e9ddf1913834d1542a9c697b"},
    {file = "grpcio-1.37.1-cp38-cp38-macosx_10_10_x86_64.whl", hash = "sha256:d232802ba15b465000263bc17171f9863173b7669bdd72dbdffdfcc0f6e637dc"},
    {file = "grpcio-1.37.1-cp38-cp38-manylinux2010_i686.whl", hash = "sha256:c87599137f6022ed5079b0df47da83134b9810d4b00999b87edfc901347f26a9"},
    {file = "grpcio-1.37.1-cp38-cp38-manylinux2010_x86_64.whl", hash = "sha256:609297d3d5d32f47e04bf7dc61c7756df50bc37dec4dfd63e996388eba42fb3b"},
    {file = "grpcio-1.37.1-cp38-cp38-manylinux2014_aarch64.whl", hash = "sha256:025fa7dffb0cf724070cfcbe2ff600a18b0cf84642ede5c92f2717162e2a8c95"},
    {file = "grpcio-1.37.1-cp38-cp38-manylinux2014_i686.whl", hash = "sha256:0b8817acef140cb9a3543208c13282d3bf4bb0103e930ddbb779677604085ada"},
    {file = "grpcio-1.37.1-cp38-cp38-manylinux2014_x86_64.whl", hash = "sha256:a1cd40eac72d3c914eea73f8f7730ddbd86061098a8ce712d1ce108e9d87d449"},
    {file = "grpcio-1.37.1-cp38-cp38-win32.whl", hash = "sha256:d7ae05ded17c4697ef80784dc89cad3025db0d90c5a8a0ada47a8d0749617d58"},
    {file = "grpcio-1.37.1-cp38-cp38-win_amd64.whl", hash = "sha256:b948a00764fee55cf111e0bf3d987167557152abf879f2c13bd2f278a6247ded"},
    {file = "grpcio-1.37.1-cp39-cp39-linux_armv7l.whl", hash = "sha256:8d3cdca5cfd6761a8824bc8acc8ac7bc37ad5ef75899308ca0458cf7952ce12d"},
    {file = "grpcio-1.37.1-cp39-cp39-macosx_10_10_x86_64.whl", hash = "sha256:9364f35949c3cff5470b583a03ccfd927b71cbe1ab7583a6529d5d67ed76e91e"},
    {file = "grpcio-1.37.1-cp39-cp39-manylinux2010_i686.whl", hash = "sha256:1aab01ee3e4b88ed6419f0b25ff21c83deb6c823c6fb77e655def0796526e3a3"},
    {file = "grpcio-1.37.1-cp39-cp39-manylinux2010_x86_64.whl", hash = "sha256:74aad86c7c1b9163d01c3d9e75861e9b09c65e0947592ca315c30353a0f6c4d1"},
    {file = "grpcio-1.37.1-cp39-cp39-manylinux2014_aarch64.whl", hash = "sha256:3ee1bef5f5e4208998cdef44933db3c30c52a7ebde424cfc4186404ffded1d35"},
    {file = "grpcio-1.37.1-cp39-cp39-manylinux2014_i686.whl", hash = "sha256:7533d2c9698dd3038fcf3dd0df243b76a9e0db8008f8575c305e20a3593189eb"},
    {file = "grpcio-1.37.1-cp39-cp39-manylinux2014_x86_64.whl", hash = "sha256:b7cc965538da06c9e9cf0e01bae91f274c75baf224ca6a734717c0f003ddf1f2"},
    {file = "grpcio-1.37.1-cp39-cp39-win32.whl", hash = "sha256:6ad11c1ea337720a42fc31959bd44a38b8837e3ae25bdab681e2e1a28096b02a"},
    {file = "grpcio-1.37.1-cp39-cp39-win_amd64.whl", hash = "sha256:7b2a2cf3621f94b123a9d7a68e4a8d948b29520136f096927f7c9653f24c8fca"},
    {file = "grpcio-1.37.1.tar.gz", hash = "sha256:df8305806311d3fe913d4f7eb3ef28e2072159ea12f95baab5d447f1380a71e3"},
]
grpcio-tools = [
    {file = "grpcio-tools-1.37.1.tar.gz", hash = "sha256:d775fb07cc6561174d6c86d11727a156c4ade969f7bf5edf623ffe2a428bee4e"},
    {file = "grpcio_tools-1.37.1-cp27-cp27m-macosx_10_10_x86_64.whl", hash = "sha256:a1e8eaa1e381689b71000578856391723f17445861e74df9efad9aa75e94b1ee"},
    {file = "grpcio_tools-1.37.1-cp27-cp27m-manylinux2010_i686.whl", hash = "sha256:09c6afaa35b268063fbc5e1c5a698c5d52e82fc9e58484217c9f231ae97fcc23"},
    {file = "grpcio_tools-1.37.1-cp27-cp27m-manylinux2010_x86_64.whl", hash = "sha256:2056acc3e8b715e8e7fac343d44ed0e05f294cdf3775d488c7c42159ed6acb4b"},
    {file = "grpcio_tools-1.37.1-cp27-cp27m-win32.whl", hash = "sha256:ebb2f445cb236f61ea98536da5344fc60c77e6543a048ebef412c25622f36436"},
    {file = "grpcio_tools-1.37.1-cp27-cp27m-win_amd64.whl", hash = "sha256:cba726ebd6198ed5fab03a54ab86212ce45299e00a3c56f65db74081d240cb1c"},
    {file = "grpcio_tools-1.37.1-cp27-cp27mu-manylinux2010_i686.whl", hash = "sha256:930181a99d8cf7a05d1b46a658d0f54d6d3359ce1ee100bc1689ab8ada13fe9e"},
    {file = "grpcio_tools-1.37.1-cp27-cp27mu-manylinux2010_x86_64.whl", hash = "sha256:974677ac643cbd37ecfcd67ac1e33a7182e24bc5b67372a05ec887b230366d5f"},
    {file = "grpcio_tools-1.37.1-cp35-cp35m-macosx_10_10_intel.whl", hash = "sha256:090e73ab4cf648a82c82069c7f8d95d0d2973fbf7101b263c78dd68b3176fcc9"},
    {file = "grpcio_tools-1.37.1-cp35-cp35m-manylinux2010_i686.whl", hash = "sha256:ccac333076ad354cdb3bb108d67d0a75d5a93b13eaf81323daff0aa050a40bb3"},
    {file = "grpcio_tools-1.37.1-cp35-cp35m-manylinux2010_x86_64.whl", hash = "sha256:cab777c7cd107d4a03ec528b660c6443f13fd26bfa14e56b13820420b8423aff"},
    {file = "grpcio_tools-1.37.1-cp35-cp35m-manylinux2014_i686.whl", hash = "sha256:939402ec6011c527bfa37c63189c0f1f69e585c95b6ca01de1222d81d70838a0"},
    {file = "grpcio_tools-1.37.1-cp35-cp35m-manylinux2014_x86_64.whl", hash = "sha256:36a8559fc0475bae6eb2eb18637b1c8ae5d8914cb43d58c3674fe476f534445b"},
    {file = "grpcio_tools-1.37.1-cp35-cp35m-win32.whl", hash = "sha256:a5165e6ef456ac14aa631afdeb70fbd154fd3eec0e658bacd1e4c60c4fd73ddb"},
    {file = "grpcio_tools-1.37.1-cp35-cp35m-win_amd64.whl", hash = "sha256:35b2d64ee1cb80074f98dcb6fbc688a35f2d54b01fb2f4cc4727f8e79ef03356"},
    {file = "grpcio_tools-1.37.1-cp36-cp36m-linux_armv7l.whl", hash = "sha256:f75d4493a9efea530037cb0b92fecef6d3d712b67b5279fe145399ece632487f"},
    {file = "grpcio_tools-1.37.1-cp36-cp36m-macosx_10_10_x86_64.whl", hash = "sha256:878568d44562171f78fda9a048d589955edfc49860b6239ae280395b420bfc66"},
    {file = "grpcio_tools-1.37.1-cp36-cp36m-manylinux2010_i686.whl", hash = "sha256:fd77c94cac4fb925f4d0ee709fb64a54726abe9066ef0181a62b96ca56977033"},
    {file = "grpcio_tools-1.37.1-cp36-cp36m-manylinux2010_x86_64.whl", hash = "sha256:7ce4f0363038fff2e76ab0930633542c52ea8249be91c4922b4d60f2d9c7c798"},
    {file = "grpcio_tools-1.37.1-cp36-cp36m-manylinux2014_aarch64.whl", hash = "sha256:cd603a84ee6778ddaf44ac502c507bbaff31c0c886c1e5243fed85ef8cc93e3b"},
    {file = "grpcio_tools-1.37.1-cp36-cp36m-manylinux2014_i686.whl", hash = "sha256:9d1debe310b5b865c3385b2d3764fe369daf9f046d43f257452de4b5d33b78e9"},
    {file = "grpcio_tools-1.37.1-cp36-cp36m-manylinux2014_x86_64.whl", hash = "sha256:b6d31d6ead93209981caafe4961279d064ee4befc2b667fc1de88992f32071b3"},
    {file = "grpcio_tools-1.37.1-cp36-cp36m-win32.whl", hash = "sha256:a464378a9274b99bc683f50e9a494d7c3a326e7f627589981078976d708d8f21"},
    {file = "grpcio_tools-1.37.1-cp36-cp36m-win_amd64.whl", hash = "sha256:a2fdc548a51bfd10b2ad83c6d811c9618614523c079d09bf85213641d2ba3302"},
    {file = "grpcio_tools-1.37.1-cp37-cp37m-linux_armv7l.whl", hash = "sha256:2a478a074e454fc4d833468597158e03d1cee12dae7106fc93465e646ee7bb8a"},
    {file = "grpcio_tools-1.37.1-cp37-cp37m-macosx_10_10_x86_64.whl", hash = "sha256:2dff4eb17b42e3e81e9c68994c84691ade057b132e830545fed8619dd043ad01"},
    {file = "grpcio_tools-1.37.1-cp37-cp37m-manylinux2010_i686.whl", hash = "sha256:b8bcfca91cc0f76f897735028e3ef0a1c358c3edfdc3f48b36e4f46f3c97efbd"},
    {file = "grpcio_tools-1.37.1-cp37-cp37m-manylinux2010_x86_64.whl", hash = "sha256:b59c264a4a5c4b0d0e5674f92b887c4bee2a18189ef6e47598c97f4602d22c9b"},
    {file = "grpcio_tools-1.37.1-cp37-cp37m-manylinux2014_aarch64.whl", hash = "sha256:69e7ab498be6511cf832bf8679394471bb76e684ada6540f57a00030f3ab4d6f"},
    {file = "grpcio_tools-1.37.1-cp37-cp37m-manylinux2014_i686.whl", hash = "sha256:2d43f9537a8f2f78f0def659e95bdd2aedde8672b99f29e9692a6aadea7aaed3"},
    {file = "grpcio_tools-1.37.1-cp37-cp37m-manylinux2014_x86_64.whl", hash = "sha256:7c9db39e17a19131e28af4d19099d71525a907b51535e0a6214bb2092b24f63b"},
    {file = "grpcio_tools-1.37.1-cp37-cp37m-win32.whl", hash = "sha256:e71cd8efa06fb1acb55ce3fa256da2d8a0421b279e1a2068acd40c157d2651c5"},
    {file = "grpcio_tools-1.37.1-cp37-cp37m-win_amd64.whl", hash = "sha256:dfe7f4d1e17dd64ec6aa732418c2f676371a817eb07b9e50e0b71c09ff71ded7"},
    {file = "grpcio_tools-1.37.1-cp38-cp38-linux_armv7l.whl", hash = "sha256:7a5367532edea169ea5dee0a2290e81d41ed3352e61dbd2c5b3a6ccbd97dace2"},
    {file = "grpcio_tools-1.37.1-cp38-cp38-macosx_10_10_x86_64.whl", hash = "sha256:b3324cc1e72f88f32a2bed7a2f73f5d4fef00899036e821dea5d98c6f64325bc"},
    {file = "grpcio_tools-1.37.1-cp38-cp38-manylinux2010_i686.whl", hash = "sha256:36a40a3591a9cdb1ee44ce055ec8006743ee686a8989f31f88439c3231a7ee2d"},
    {file = "grpcio_tools-1.37.1-cp38-cp38-manylinux2010_x86_64.whl", hash = "sha256:442c68f9239eab84d3a64f27dfb70c56a0fdb4b6eec56bdd42cb615aad9b3f18"},
    {file = "grpcio_tools-1.37.1-cp38-cp38-manylinux2014_aarch64.whl", hash = "sha256:6e2e8415cd975e1d86387ce0e62e4820886cbab7115df0ed8354946535e8ab1b"},
    {file = "grpcio_tools-1.37.1-cp38-cp38-manylinux2014_i686.whl", hash = "sha256:d29777e2e82446ae95427755a87ecacd29baaf8081a61ffaf034fbf8064bec56"},
    {file = "grpcio_tools-1.37.1-cp38-cp38-manylinux2014_x86_64.whl", hash = "sha256:0cf44026497f874c8cd0007e724b84950d0f7f70276f9f858c84fddfd06ee946"},
    {file = "grpcio_tools-1.37.1-cp38-cp38-win32.whl", hash = "sha256:78130149ffa40fcf06097788a948c0e52d5ccf848c385306ca4c6d64d9869cf1"},
    {file = "grpcio_tools-1.37.1-cp38-cp38-win_amd64.whl", hash = "sha256:5ac5043886f9a3f742d18e5d25aef3e951811e780a48b76a53d86955f3e50a12"},
    {file = "grpcio_tools-1.37.1-cp39-cp39-linux_armv7l.whl", hash = "sha256:cce6bb815241a5ab5d8e70cc137cf9d6005ce9bf73ae23d8364f64fe4b6a8043"},
    {file = "grpcio_tools-1.37.1-cp39-cp39-macosx_10_10_x86_64.whl", hash = "sha256:78db6525af7228d1d64e4531be8036b54497100c20af4b1bdad8d0ee07a7c7cb"},
    {file = "grpcio_tools-1.37.1-cp39-cp39-manylinux2010_i686.whl", hash = "sha256:46e90c20faebff5332ff604fe202104740fd20968e183a12399a3a58135d1f3d"},
    {file = "grpcio_tools-1.37.1-cp39-cp39-manylinux2010_x86_64.whl", hash = "sha256:216aa4284c8cc9c491bf8311a10192f9f9b49a7e57463abe1ca7b757fd232f8b"},
    {file = "grpcio_tools-1.37.1-cp39-cp39-manylinux2014_aarch64.whl", hash = "sha256:9ac5fd7eb16a8bc175ef9a4313cf039d64eae48acb9513ca82c3f6fb9483d0bf"},
    {file = "grpcio_tools-1.37.1-cp39-cp39-manylinux2014_i686.whl", hash = "sha256:8e5e7e2ce74e7145ba59495c1cc3357fa0c62f85e77ed7d5c09dc5be194a8a43"},
    {file = "grpcio_tools-1.37.1-cp39-cp39-manylinux2014_x86_64.whl", hash = "sha256:6a7cd8c81d22d9420c712fa383fb8a4c4f55326037222f0f5095382a8d4d4e1a"},
    {file = "grpcio_tools-1.37.1-cp39-cp39-win32.whl", hash = "sha256:98fcd8d1a7b347f835c1b1d104931a4522cec2c08fc0eafb13a8e7a325a62fed"},
    {file = "grpcio_tools-1.37.1-cp39-cp39-win_amd64.whl", hash = "sha256:63d701170d5dd64b5eaeb291c75de9320b447bfea8df3a21ebb5fa954b792aae"},
]
iniconfig = [
    {file = "iniconfig-1.1.1.tar.gz", hash = "sha256:bc3af051d7d14b2ee5ef9969666def0cd1a000e121eaea580d4a313df4b37f32"},
]
mypy = [
    {file = "mypy-0.812-cp35-cp35m-macosx_10_9_x86_64.whl", hash = "sha256:a26f8ec704e5a7423c8824d425086705e381b4f1dfdef6e3a1edab7ba174ec49"},
    {file = "mypy-0.812-cp35-cp35m-manylinux1_x86_64.whl", hash = "sha256:28fb5479c494b1bab244620685e2eb3c3f988d71fd5d64cc753195e8ed53df7c"},
    {file = "mypy-0.812-cp35-cp35m-manylinux2010_x86_64.whl", hash = "sha256:9743c91088d396c1a5a3c9978354b61b0382b4e3c440ce83cf77994a43e8c521"},
    {file = "mypy-0.812-cp35-cp35m-win_amd64.whl", hash = "sha256:d7da2e1d5f558c37d6e8c1246f1aec1e7349e4913d8fb3cb289a35de573fe2eb"},
    {file = "mypy-0.812-cp36-cp36m-macosx_10_9_x86_64.whl", hash = "sha256:4eec37370483331d13514c3f55f446fc5248d6373e7029a29ecb7b7494851e7a"},
    {file = "mypy-0.812-cp36-cp36m-manylinux1_x86_64.whl", hash = "sha256:d65cc1df038ef55a99e617431f0553cd77763869eebdf9042403e16089fe746c"},
    {file = "mypy-0.812-cp36-cp36m-manylinux2010_x86_64.whl", hash = "sha256:61a3d5b97955422964be6b3baf05ff2ce7f26f52c85dd88db11d5e03e146a3a6"},
    {file = "mypy-0.812-cp36-cp36m-win_amd64.whl", hash = "sha256:25adde9b862f8f9aac9d2d11971f226bd4c8fbaa89fb76bdadb267ef22d10064"},
    {file = "mypy-0.812-cp37-cp37m-macosx_10_9_x86_64.whl", hash = "sha256:552a815579aa1e995f39fd05dde6cd378e191b063f031f2acfe73ce9fb7f9e56"},
    {file = "mypy-0.812-cp37-cp37m-manylinux1_x86_64.whl", hash = "sha256:499c798053cdebcaa916eef8cd733e5584b5909f789de856b482cd7d069bdad8"},
    {file = "mypy-0.812-cp37-cp37m-manylinux2010_x86_64.whl", hash = "sha256:5873888fff1c7cf5b71efbe80e0e73153fe9212fafdf8e44adfe4c20ec9f82d7"},
    {file = "mypy-0.812-cp37-cp37m-win_amd64.whl", hash = "sha256:9f94aac67a2045ec719ffe6111df543bac7874cee01f41928f6969756e030564"},
    {file = "mypy-0.812-cp38-cp38-macosx_10_9_x86_64.whl", hash = "sha256:d23e0ea196702d918b60c8288561e722bf437d82cb7ef2edcd98cfa38905d506"},
    {file = "mypy-0.812-cp38-cp38-manylinux1_x86_64.whl", hash = "sha256:674e822aa665b9fd75130c6c5f5ed9564a38c6cea6a6432ce47eafb68ee578c5"},
    {file = "mypy-0.812-cp38-cp38-manylinux2010_x86_64.whl", hash = "sha256:abf7e0c3cf117c44d9285cc6128856106183938c68fd4944763003decdcfeb66"},
    {file = "mypy-0.812-cp38-cp38-win_amd64.whl", hash = "sha256:0d0a87c0e7e3a9becdfbe936c981d32e5ee0ccda3e0f07e1ef2c3d1a817cf73e"},
    {file = "mypy-0.812-cp39-cp39-macosx_10_9_x86_64.whl", hash = "sha256:7ce3175801d0ae5fdfa79b4f0cfed08807af4d075b402b7e294e6aa72af9aa2a"},
    {file = "mypy-0.812-cp39-cp39-manylinux1_x86_64.whl", hash = "sha256:b09669bcda124e83708f34a94606e01b614fa71931d356c1f1a5297ba11f110a"},
    {file = "mypy-0.812-cp39-cp39-manylinux2010_x86_64.whl", hash = "sha256:33f159443db0829d16f0a8d83d94df3109bb6dd801975fe86bacb9bf71628e97"},
    {file = "mypy-0.812-cp39-cp39-win_amd64.whl", hash = "sha256:3f2aca7f68580dc2508289c729bd49ee929a436208d2b2b6aab15745a70a57df"},
    {file = "mypy-0.812-py3-none-any.whl", hash = "sha256:2f9b3407c58347a452fc0736861593e105139b905cca7d097e413453a1d650b4"},
    {file = "mypy-0.812.tar.gz", hash = "sha256:cd07039aa5df222037005b08fbbfd69b3ab0b0bd7a07d7906de75ae52c4e3119"},
]
mypy-extensions = [
    {file = "mypy_extensions-0.4.3-py2.py3-none-any.whl", hash = "sha256:090fedd75945a69ae91ce1303b5824f428daf5a028d2f6ab8a299250a846f15d"},
    {file = "mypy_extensions-0.4.3.tar.gz", hash = "sha256:2d82818f5bb3e369420cb3c4060a7970edba416647068eb4c5343488a6c604a8"},
]
packaging = [
    {file = "packaging-20.9-py2.py3-none-any.whl", hash = "sha256:67714da7f7bc052e064859c05c595155bd1ee9f69f76557e21f051443c20947a"},
    {file = "packaging-20.9.tar.gz", hash = "sha256:5b327ac1320dc863dca72f4514ecc086f31186744b84a230374cc1fd776feae5"},
]
pluggy = [
    {file = "pluggy-0.13.1-py2.py3-none-any.whl", hash = "sha256:966c145cd83c96502c3c3868f50408687b38434af77734af1e9ca461a4081d2d"},
    {file = "pluggy-0.13.1.tar.gz", hash = "sha256:15b2acde666561e1298d71b523007ed7364de07029219b604cf808bfa1c765b0"},
]
protobuf = [
    {file = "protobuf-3.16.0-cp27-cp27m-macosx_10_9_x86_64.whl", hash = "sha256:d3b9988f1a3591d900a090887ae4c41592e252bef5b249ad7e1fc46c21617534"},
    {file = "protobuf-3.16.0-cp27-cp27mu-manylinux_2_5_x86_64.manylinux1_x86_64.whl", hash = "sha256:8ec649186f5443cab12692438190988bb9058dbfa5851d10d59a1c7214159a5f"},
    {file = "protobuf-3.16.0-cp35-cp35m-macosx_10_9_intel.whl", hash = "sha256:9191e97d92b62424423ce5a5604047fd76c80a4f463fbd10c9d8b82928f152cf"},
    {file = "protobuf-3.16.0-cp35-cp35m-manylinux_2_5_x86_64.manylinux1_x86_64.whl", hash = "sha256:49dd3550bb42050d1676378c3fef91ff058d7023b77ac6f3179eb2a1c6c562d7"},
    {file = "protobuf-3.16.0-cp35-cp35m-win32.whl", hash = "sha256:675d8e7463e03cf8343792935d62b80d90839d56a228c941dfdddda946eea066"},
    {file = "protobuf-3.16.0-cp35-cp35m-win_amd64.whl", hash = "sha256:b85ad5fe54163350067a53c0c170211c9f752dd4b4d8f339eb5aea8e987614a9"},
    {file = "protobuf-3.16.0-cp36-cp36m-macosx_10_9_x86_64.whl", hash = "sha256:bc1ba824ff750c2ead1e7b8dd049bb5ddf8658d056cf4b989f04c68b049a47a7"},
    {file = "protobuf-3.16.0-cp36-cp36m-manylinux_2_5_x86_64.manylinux1_x86_64.whl", hash = "sha256:80b233553ff500378becc372721541902c567e51b2654b68513d7b89c43dbc4b"},
    {file = "protobuf-3.16.0-cp36-cp36m-win32.whl", hash = "sha256:2cec059f4821c8f58890920a5c8a828ea027d46d5b18cb5e9dd4c727c65a2aa0"},
    {file = "protobuf-3.16.0-cp36-cp36m-win_amd64.whl", hash = "sha256:ef9c2d0b3c0935725b547175745ceacb86f4d410b1e984d47e320c9efb1936c5"},
    {file = "protobuf-3.16.0-cp37-cp37m-macosx_10_9_x86_64.whl", hash = "sha256:c0f760adc1dd3dfe6d13af529b2ab42bb3fff1a2a00a6873b583b4ce0048ddff"},
    {file = "protobuf-3.16.0-cp37-cp37m-manylinux_2_5_x86_64.manylinux1_x86_64.whl", hash = "sha256:c94ee9832fded92a11920b10d75c5aa7f4ef910b0bd463c039e102c8d7eb2c46"},
    {file = "protobuf-3.16.0-cp37-cp37m-win32.whl", hash = "sha256:8c0d3a5aa3412a440a9384349f6095991e8a5012e619cf5f57f042829f65cdb3"},
    {file = "protobuf-3.16.0-cp37-cp37m-win_amd64.whl", hash = "sha256:11301f1993f67dc81fc5c4756623652c899f7b5574b1e095d63bfc78347b11f3"},
    {file = "protobuf-3.16.0-cp38-cp38-macosx_10_9_x86_64.whl", hash = "sha256:4bb7064727953d9187f6806230968b98e1ce4ec03bd737600e8380a9e5a6ac15"},
    {file = "protobuf-3.16.0-cp38-cp38-manylinux_2_5_x86_64.manylinux1_x86_64.whl", hash = "sha256:bf9a5caa0e0093552c2cc6051facef15b9c9ad4b1bde70430964edf99eaf2dad"},
    {file = "protobuf-3.16.0-cp39-cp39-macosx_10_9_x86_64.whl", hash = "sha256:c356d038a4e4cf52ccd7aff8022fc6a76daa0be5ecf2517ed75b87d32be0405d"},
    {file = "protobuf-3.16.0-cp39-cp39-manylinux_2_5_x86_64.manylinux1_x86_64.whl", hash = "sha256:648178381d9dbbc736849443151533ab958e7b8bcbd658a62ad10906552fddcc"},
    {file = "protobuf-3.16.0-py2.py3-none-any.whl", hash = "sha256:be831508b9207156309a88b9d115dbae0caa4a987b05f1aa4fed4c5ac53ec51b"},
    {file = "protobuf-3.16.0.tar.gz", hash = "sha256:228eecbedd46d75010f1e0f8ce34dbcd11ae5a40c165a9fc9d330a58aa302818"},
]
py = [
    {file = "py-1.10.0-py2.py3-none-any.whl", hash = "sha256:3b80836aa6d1feeaa108e046da6423ab8f6ceda6468545ae8d02d9d58d18818a"},
    {file = "py-1.10.0.tar.gz", hash = "sha256:21b81bda15b66ef5e1a777a21c4dcd9c20ad3efd0b3f817e7a809035269e1bd3"},
]
pycodestyle = [
    {file = "pycodestyle-2.7.0-py2.py3-none-any.whl", hash = "sha256:514f76d918fcc0b55c6680472f0a37970994e07bbb80725808c17089be302068"},
    {file = "pycodestyle-2.7.0.tar.gz", hash = "sha256:c389c1d06bf7904078ca03399a4816f974a1d590090fecea0c63ec26ebaf1cef"},
]
pyparsing = [
    {file = "pyparsing-2.4.7-py2.py3-none-any.whl", hash = "sha256:ef9d7589ef3c200abe66653d3f1ab1033c3c419ae9b9bdb1240a85b024efc88b"},
    {file = "pyparsing-2.4.7.tar.gz", hash = "sha256:c203ec8783bf771a155b207279b9bccb8dea02d8f0c9e5f8ead507bc3246ecc1"},
]
pytest = [
    {file = "pytest-6.2.4-py3-none-any.whl", hash = "sha256:91ef2131a9bd6be8f76f1f08eac5c5317221d6ad1e143ae03894b862e8976890"},
    {file = "pytest-6.2.4.tar.gz", hash = "sha256:50bcad0a0b9c5a72c8e4e7c9855a3ad496ca6a881a3641b4260605450772c54b"},
]
six = [
    {file = "six-1.16.0-py2.py3-none-any.whl", hash = "sha256:8abb2f1d86890a2dfb989f9a77cfcfd3e47c2a354b01111771326f8aa26e0254"},
    {file = "six-1.16.0.tar.gz", hash = "sha256:1e61c37477a1626458e36f7b1d82aa5c9b094fa4802892072e49de9c60c4c926"},
]
toml = [
    {file = "toml-0.10.2-py2.py3-none-any.whl", hash = "sha256:806143ae5bfb6a3c6e736a764057db0e6a0e05e338b5630894a5f779cabb4f9b"},
    {file = "toml-0.10.2.tar.gz", hash = "sha256:b3bda1d108d5dd99f4a20d24d9c348e91c4db7ab1b749200bded2f839ccbe68f"},
]
typed-ast = [
    {file = "typed_ast-1.4.3-cp35-cp35m-manylinux1_i686.whl", hash = "sha256:2068531575a125b87a41802130fa7e29f26c09a2833fea68d9a40cf33902eba6"},
    {file = "typed_ast-1.4.3-cp35-cp35m-manylinux1_x86_64.whl", hash = "sha256:c907f561b1e83e93fad565bac5ba9c22d96a54e7ea0267c708bffe863cbe4075"},
    {file = "typed_ast-1.4.3-cp35-cp35m-manylinux2014_aarch64.whl", hash = "sha256:1b3ead4a96c9101bef08f9f7d1217c096f31667617b58de957f690c92378b528"},
    {file = "typed_ast-1.4.3-cp35-cp35m-win32.whl", hash = "sha256:dde816ca9dac1d9c01dd504ea5967821606f02e510438120091b84e852367428"},
    {file = "typed_ast-1.4.3-cp35-cp35m-win_amd64.whl", hash = "sha256:777a26c84bea6cd934422ac2e3b78863a37017618b6e5c08f92ef69853e765d3"},
    {file = "typed_ast-1.4.3-cp36-cp36m-macosx_10_9_x86_64.whl", hash = "sha256:f8afcf15cc511ada719a88e013cec87c11aff7b91f019295eb4530f96fe5ef2f"},
    {file = "typed_ast-1.4.3-cp36-cp36m-manylinux1_i686.whl", hash = "sha256:52b1eb8c83f178ab787f3a4283f68258525f8d70f778a2f6dd54d3b5e5fb4341"},
    {file = "typed_ast-1.4.3-cp36-cp36m-manylinux1_x86_64.whl", hash = "sha256:01ae5f73431d21eead5015997ab41afa53aa1fbe252f9da060be5dad2c730ace"},
    {file = "typed_ast-1.4.3-cp36-cp36m-manylinux2014_aarch64.whl", hash = "sha256:c190f0899e9f9f8b6b7863debfb739abcb21a5c054f911ca3596d12b8a4c4c7f"},
    {file = "typed_ast-1.4.3-cp36-cp36m-win32.whl", hash = "sha256:398e44cd480f4d2b7ee8d98385ca104e35c81525dd98c519acff1b79bdaac363"},
    {file = "typed_ast-1.4.3-cp36-cp36m-win_amd64.whl", hash = "sha256:bff6ad71c81b3bba8fa35f0f1921fb24ff4476235a6e94a26ada2e54370e6da7"},
    {file = "typed_ast-1.4.3-cp37-cp37m-macosx_10_9_x86_64.whl", hash = "sha256:0fb71b8c643187d7492c1f8352f2c15b4c4af3f6338f21681d3681b3dc31a266"},
    {file = "typed_ast-1.4.3-cp37-cp37m-manylinux1_i686.whl", hash = "sha256:760ad187b1041a154f0e4d0f6aae3e40fdb51d6de16e5c99aedadd9246450e9e"},
    {file = "typed_ast-1.4.3-cp37-cp37m-manylinux1_x86_64.whl", hash = "sha256:5feca99c17af94057417d744607b82dd0a664fd5e4ca98061480fd8b14b18d04"},
    {file = "typed_ast-1.4.3-cp37-cp37m-manylinux2014_aarch64.whl", hash = "sha256:95431a26309a21874005845c21118c83991c63ea800dd44843e42a916aec5899"},
    {file = "typed_ast-1.4.3-cp37-cp37m-win32.whl", hash = "sha256:aee0c1256be6c07bd3e1263ff920c325b59849dc95392a05f258bb9b259cf39c"},
    {file = "typed_ast-1.4.3-cp37-cp37m-win_amd64.whl", hash = "sha256:9ad2c92ec681e02baf81fdfa056fe0d818645efa9af1f1cd5fd6f1bd2bdfd805"},
    {file = "typed_ast-1.4.3-cp38-cp38-macosx_10_9_x86_64.whl", hash = "sha256:b36b4f3920103a25e1d5d024d155c504080959582b928e91cb608a65c3a49e1a"},
    {file = "typed_ast-1.4.3-cp38-cp38-manylinux1_i686.whl", hash = "sha256:067a74454df670dcaa4e59349a2e5c81e567d8d65458d480a5b3dfecec08c5ff"},
    {file = "typed_ast-1.4.3-cp38-cp38-manylinux1_x86_64.whl", hash = "sha256:7538e495704e2ccda9b234b82423a4038f324f3a10c43bc088a1636180f11a41"},
    {file = "typed_ast-1.4.3-cp38-cp38-manylinux2014_aarch64.whl", hash = "sha256:af3d4a73793725138d6b334d9d247ce7e5f084d96284ed23f22ee626a7b88e39"},
    {file = "typed_ast-1.4.3-cp38-cp38-win32.whl", hash = "sha256:f2362f3cb0f3172c42938946dbc5b7843c2a28aec307c49100c8b38764eb6927"},
    {file = "typed_ast-1.4.3-cp38-cp38-win_amd64.whl", hash = "sha256:dd4a21253f42b8d2b48410cb31fe501d32f8b9fbeb1f55063ad102fe9c425e40"},
    {file = "typed_ast-1.4.3-cp39-cp39-macosx_10_9_x86_64.whl", hash = "sha256:f328adcfebed9f11301eaedfa48e15bdece9b519fb27e6a8c01aa52a17ec31b3"},
    {file = "typed_ast-1.4.3-cp39-cp39-manylinux1_i686.whl", hash = "sha256:2c726c276d09fc5c414693a2de063f521052d9ea7c240ce553316f70656c84d4"},
    {file = "typed_ast-1.4.3-cp39-cp39-manylinux1_x86_64.whl", hash = "sha256:cae53c389825d3b46fb37538441f75d6aecc4174f615d048321b716df2757fb0"},
    {file = "typed_ast-1.4.3-cp39-cp39-manylinux2014_aarch64.whl", hash = "sha256:b9574c6f03f685070d859e75c7f9eeca02d6933273b5e69572e5ff9d5e3931c3"},
    {file = "typed_ast-1.4.3-cp39-cp39-win32.whl", hash = "sha256:209596a4ec71d990d71d5e0d312ac935d86930e6eecff6ccc7007fe54d703808"},
    {file = "typed_ast-1.4.3-cp39-cp39-win_amd64.whl", hash = "sha256:9c6d1a54552b5330bc657b7ef0eae25d00ba7ffe85d9ea8ae6540d2197a3788c"},
    {file = "typed_ast-1.4.3.tar.gz", hash = "sha256:fb1bbeac803adea29cedd70781399c99138358c26d05fcbd23c13016b7f5ec65"},
]
typing-extensions = [
    {file = "typing_extensions-3.10.0.0-py2-none-any.whl", hash = "sha256:0ac0f89795dd19de6b97debb0c6af1c70987fd80a2d62d1958f7e56fcc31b497"},
    {file = "typing_extensions-3.10.0.0-py3-none-any.whl", hash = "sha256:779383f6086d90c99ae41cf0ff39aac8a7937a9283ce0a414e5dd782f4c94a84"},
    {file = "typing_extensions-3.10.0.0.tar.gz", hash = "sha256:50b6f157849174217d0656f99dc82fe932884fb250826c18350e159ec6cdf342"},
]
